// !$*UTF8*$!
{
	archiveVersion = 1;
	classes = {
	};
	objectVersion = 50;
	objects = {

/* Begin PBXBuildFile section */
		075C25A222308CA900C96506 /* AppDelegate.swift in Sources */ = {isa = PBXBuildFile; fileRef = 075C25A122308CA900C96506 /* AppDelegate.swift */; };
		075C25A422308CA900C96506 /* LoginViewController.swift in Sources */ = {isa = PBXBuildFile; fileRef = 075C25A322308CA900C96506 /* LoginViewController.swift */; };
		075C25A722308CA900C96506 /* Main.storyboard in Resources */ = {isa = PBXBuildFile; fileRef = 075C25A522308CA900C96506 /* Main.storyboard */; };
		075C25A922308CAA00C96506 /* Assets.xcassets in Resources */ = {isa = PBXBuildFile; fileRef = 075C25A822308CAA00C96506 /* Assets.xcassets */; };
		075C25AC22308CAA00C96506 /* LaunchScreen.storyboard in Resources */ = {isa = PBXBuildFile; fileRef = 075C25AA22308CAA00C96506 /* LaunchScreen.storyboard */; };
		075C25B422308CD900C96506 /* HomeViewController.swift in Sources */ = {isa = PBXBuildFile; fileRef = 075C25B322308CD900C96506 /* HomeViewController.swift */; };
		075C25B622309FDB00C96506 /* AboutUsViewController.swift in Sources */ = {isa = PBXBuildFile; fileRef = 075C25B522309FDB00C96506 /* AboutUsViewController.swift */; };
		075C25BD2231EC1700C96506 /* dog.png in Resources */ = {isa = PBXBuildFile; fileRef = 075C25BA2231EC1700C96506 /* dog.png */; };
		075C25BE2231EC1700C96506 /* elephant.png in Resources */ = {isa = PBXBuildFile; fileRef = 075C25BB2231EC1700C96506 /* elephant.png */; };
		075C25BF2231EC1700C96506 /* camel.png in Resources */ = {isa = PBXBuildFile; fileRef = 075C25BC2231EC1700C96506 /* camel.png */; };
		075C25C42231EC3600C96506 /* lion.png in Resources */ = {isa = PBXBuildFile; fileRef = 075C25C02231EC3600C96506 /* lion.png */; };
		075C25C52231EC3600C96506 /* cat.png in Resources */ = {isa = PBXBuildFile; fileRef = 075C25C12231EC3600C96506 /* cat.png */; };
		075C25C62231EC3600C96506 /* monkey.png in Resources */ = {isa = PBXBuildFile; fileRef = 075C25C22231EC3600C96506 /* monkey.png */; };
		075C25C72231EC3600C96506 /* tiger.png in Resources */ = {isa = PBXBuildFile; fileRef = 075C25C32231EC3600C96506 /* tiger.png */; };
/* End PBXBuildFile section */

/* Begin PBXFileReference section */
		075C259E22308CA900C96506 /* Day3SegueAndNavigationVCExample.app */ = {isa = PBXFileReference; explicitFileType = wrapper.application; includeInIndex = 0; path = Day3SegueAndNavigationVCExample.app; sourceTree = BUILT_PRODUCTS_DIR; };
		075C25A122308CA900C96506 /* AppDelegate.swift */ = {isa = PBXFileReference; lastKnownFileType = sourcecode.swift; path = AppDelegate.swift; sourceTree = "<group>"; };
		075C25A322308CA900C96506 /* LoginViewController.swift */ = {isa = PBXFileReference; lastKnownFileType = sourcecode.swift; path = LoginViewController.swift; sourceTree = "<group>"; };
		075C25A622308CA900C96506 /* Base */ = {isa = PBXFileReference; lastKnownFileType = file.storyboard; name = Base; path = Base.lproj/Main.storyboard; sourceTree = "<group>"; };
		075C25A822308CAA00C96506 /* Assets.xcassets */ = {isa = PBXFileReference; lastKnownFileType = folder.assetcatalog; path = Assets.xcassets; sourceTree = "<group>"; };
		075C25AB22308CAA00C96506 /* Base */ = {isa = PBXFileReference; lastKnownFileType = file.storyboard; name = Base; path = Base.lproj/LaunchScreen.storyboard; sourceTree = "<group>"; };
		075C25AD22308CAA00C96506 /* Info.plist */ = {isa = PBXFileReference; lastKnownFileType = text.plist.xml; path = Info.plist; sourceTree = "<group>"; };
		075C25B322308CD900C96506 /* HomeViewController.swift */ = {isa = PBXFileReference; lastKnownFileType = sourcecode.swift; path = HomeViewController.swift; sourceTree = "<group>"; };
		075C25B522309FDB00C96506 /* AboutUsViewController.swift */ = {isa = PBXFileReference; lastKnownFileType = sourcecode.swift; path = AboutUsViewController.swift; sourceTree = "<group>"; };
		075C25BA2231EC1700C96506 /* dog.png */ = {isa = PBXFileReference; lastKnownFileType = image.png; path = dog.png; sourceTree = "<group>"; };
		075C25BB2231EC1700C96506 /* elephant.png */ = {isa = PBXFileReference; lastKnownFileType = image.png; path = elephant.png; sourceTree = "<group>"; };
		075C25BC2231EC1700C96506 /* camel.png */ = {isa = PBXFileReference; lastKnownFileType = image.png; path = camel.png; sourceTree = "<group>"; };
		075C25C02231EC3600C96506 /* lion.png */ = {isa = PBXFileReference; lastKnownFileType = image.png; path = lion.png; sourceTree = "<group>"; };
		075C25C12231EC3600C96506 /* cat.png */ = {isa = PBXFileReference; lastKnownFileType = image.png; path = cat.png; sourceTree = "<group>"; };
		075C25C22231EC3600C96506 /* monkey.png */ = {isa = PBXFileReference; lastKnownFileType = image.png; path = monkey.png; sourceTree = "<group>"; };
		075C25C32231EC3600C96506 /* tiger.png */ = {isa = PBXFileReference; lastKnownFileType = image.png; path = tiger.png; sourceTree = "<group>"; };
/* End PBXFileReference section */

/* Begin PBXFrameworksBuildPhase section */
		075C259B22308CA900C96506 /* Frameworks */ = {
			isa = PBXFrameworksBuildPhase;
			buildActionMask = 2147483647;
			files = (
			);
			runOnlyForDeploymentPostprocessing = 0;
		};
/* End PBXFrameworksBuildPhase section */

/* Begin PBXGroup section */
		075C259522308CA900C96506 = {
			isa = PBXGroup;
			children = (
				075C25A022308CA900C96506 /* Day3SegueAndNavigationVCExample */,
				075C259F22308CA900C96506 /* Products */,
			);
			sourceTree = "<group>";
		};
		075C259F22308CA900C96506 /* Products */ = {
			isa = PBXGroup;
			children = (
				075C259E22308CA900C96506 /* Day3SegueAndNavigationVCExample.app */,
			);
			name = Products;
			sourceTree = "<group>";
		};
		075C25A022308CA900C96506 /* Day3SegueAndNavigationVCExample */ = {
			isa = PBXGroup;
			children = (
				075C25B92231EC1700C96506 /* Images */,
				075C25A122308CA900C96506 /* AppDelegate.swift */,
				075C25A322308CA900C96506 /* LoginViewController.swift */,
				075C25A522308CA900C96506 /* Main.storyboard */,
				075C25A822308CAA00C96506 /* Assets.xcassets */,
				075C25AA22308CAA00C96506 /* LaunchScreen.storyboard */,
				075C25AD22308CAA00C96506 /* Info.plist */,
				075C25B322308CD900C96506 /* HomeViewController.swift */,
				075C25B522309FDB00C96506 /* AboutUsViewController.swift */,
			);
			path = Day3SegueAndNavigationVCExample;
			sourceTree = "<group>";
		};
		075C25B92231EC1700C96506 /* Images */ = {
			isa = PBXGroup;
			children = (
				075C25C12231EC3600C96506 /* cat.png */,
				075C25C02231EC3600C96506 /* lion.png */,
				075C25C22231EC3600C96506 /* monkey.png */,
				075C25C32231EC3600C96506 /* tiger.png */,
				075C25BA2231EC1700C96506 /* dog.png */,
				075C25BB2231EC1700C96506 /* elephant.png */,
				075C25BC2231EC1700C96506 /* camel.png */,
			);
			path = Images;
			sourceTree = "<group>";
		};
/* End PBXGroup section */

/* Begin PBXNativeTarget section */
		075C259D22308CA900C96506 /* Day3SegueAndNavigationVCExample */ = {
			isa = PBXNativeTarget;
			buildConfigurationList = 075C25B022308CAA00C96506 /* Build configuration list for PBXNativeTarget "Day3SegueAndNavigationVCExample" */;
			buildPhases = (
				075C259A22308CA900C96506 /* Sources */,
				075C259B22308CA900C96506 /* Frameworks */,
				075C259C22308CA900C96506 /* Resources */,
			);
			buildRules = (
			);
			dependencies = (
			);
			name = Day3SegueAndNavigationVCExample;
			productName = Day3SegueAndNavigationVCExample;
			productReference = 075C259E22308CA900C96506 /* Day3SegueAndNavigationVCExample.app */;
			productType = "com.apple.product-type.application";
		};
/* End PBXNativeTarget section */

/* Begin PBXProject section */
		075C259622308CA900C96506 /* Project object */ = {
			isa = PBXProject;
			attributes = {
				LastSwiftUpdateCheck = 1010;
				LastUpgradeCheck = 1010;
				ORGANIZATIONNAME = moxDroid;
				TargetAttributes = {
					075C259D22308CA900C96506 = {
						CreatedOnToolsVersion = 10.1;
					};
				};
			};
			buildConfigurationList = 075C259922308CA900C96506 /* Build configuration list for PBXProject "Day3SegueAndNavigationVCExample" */;
			compatibilityVersion = "Xcode 9.3";
			developmentRegion = en;
			hasScannedForEncodings = 0;
			knownRegions = (
				en,
				Base,
			);
			mainGroup = 075C259522308CA900C96506;
			productRefGroup = 075C259F22308CA900C96506 /* Products */;
			projectDirPath = "";
			projectRoot = "";
			targets = (
				075C259D22308CA900C96506 /* Day3SegueAndNavigationVCExample */,
			);
		};
/* End PBXProject section */

/* Begin PBXResourcesBuildPhase section */
		075C259C22308CA900C96506 /* Resources */ = {
			isa = PBXResourcesBuildPhase;
			buildActionMask = 2147483647;
			files = (
				075C25AC22308CAA00C96506 /* LaunchScreen.storyboard in Resources */,
				075C25C42231EC3600C96506 /* lion.png in Resources */,
				075C25C52231EC3600C96506 /* cat.png in Resources */,
				075C25C72231EC3600C96506 /* tiger.png in Resources */,
				075C25A922308CAA00C96506 /* Assets.xcassets in Resources */,
				075C25BE2231EC1700C96506 /* elephant.png in Resources */,
				075C25A722308CA900C96506 /* Main.storyboard in Resources */,
				075C25C62231EC3600C96506 /* monkey.png in Resources */,
				075C25BD2231EC1700C96506 /* dog.png in Resources */,
				075C25BF2231EC1700C96506 /* camel.png in Resources */,
			);
			runOnlyForDeploymentPostprocessing = 0;
		};
/* End PBXResourcesBuildPhase section */

/* Begin PBXSourcesBuildPhase section */
		075C259A22308CA900C96506 /* Sources */ = {
			isa = PBXSourcesBuildPhase;
			buildActionMask = 2147483647;
			files = (
				075C25B622309FDB00C96506 /* AboutUsViewController.swift in Sources */,
				075C25A422308CA900C96506 /* LoginViewController.swift in Sources */,
				075C25A222308CA900C96506 /* AppDelegate.swift in Sources */,
				075C25B422308CD900C96506 /* HomeViewController.swift in Sources */,
			);
			runOnlyForDeploymentPostprocessing = 0;
		};
/* End PBXSourcesBuildPhase section */

/* Begin PBXVariantGroup section */
		075C25A522308CA900C96506 /* Main.storyboard */ = {
			isa = PBXVariantGroup;
			children = (
				075C25A622308CA900C96506 /* Base */,
			);
			name = Main.storyboard;
			sourceTree = "<group>";
		};
		075C25AA22308CAA00C96506 /* LaunchScreen.storyboard */ = {
			isa = PBXVariantGroup;
			children = (
				075C25AB22308CAA00C96506 /* Base */,
			);
			name = LaunchScreen.storyboard;
			sourceTree = "<group>";
		};
/* End PBXVariantGroup section */

/* Begin XCBuildConfiguration section */
		075C25AE22308CAA00C96506 /* Debug */ = {
			isa = XCBuildConfiguration;
			buildSettings = {
				ALWAYS_SEARCH_USER_PATHS = NO;
				CLANG_ANALYZER_NONNULL = YES;
				CLANG_ANALYZER_NUMBER_OBJECT_CONVERSION = YES_AGGRESSIVE;
				CLANG_CXX_LANGUAGE_STANDARD = "gnu++14";
				CLANG_CXX_LIBRARY = "libc++";
				CLANG_ENABLE_MODULES = YES;
				CLANG_ENABLE_OBJC_ARC = YES;
				CLANG_ENABLE_OBJC_WEAK = YES;
				CLANG_WARN_BLOCK_CAPTURE_AUTORELEASING = YES;
				CLANG_WARN_BOOL_CONVERSION = YES;
				CLANG_WARN_COMMA = YES;
				CLANG_WARN_CONSTANT_CONVERSION = YES;
				CLANG_WARN_DEPRECATED_OBJC_IMPLEMENTATIONS = YES;
				CLANG_WARN_DIRECT_OBJC_ISA_USAGE = YES_ERROR;
				CLANG_WARN_DOCUMENTATION_COMMENTS = YES;
				CLANG_WARN_EMPTY_BODY = YES;
				CLANG_WARN_ENUM_CONVERSION = YES;
				CLANG_WARN_INFINITE_RECURSION = YES;
				CLANG_WARN_INT_CONVERSION = YES;
				CLANG_WARN_NON_LITERAL_NULL_CONVERSION = YES;
				CLANG_WARN_OBJC_IMPLICIT_RETAIN_SELF = YES;
				CLANG_WARN_OBJC_LITERAL_CONVERSION = YES;
				CLANG_WARN_OBJC_ROOT_CLASS = YES_ERROR;
				CLANG_WARN_RANGE_LOOP_ANALYSIS = YES;
				CLANG_WARN_STRICT_PROTOTYPES = YES;
				CLANG_WARN_SUSPICIOUS_MOVE = YES;
				CLANG_WARN_UNGUARDED_AVAILABILITY = YES_AGGRESSIVE;
				CLANG_WARN_UNREACHABLE_CODE = YES;
				CLANG_WARN__DUPLICATE_METHOD_MATCH = YES;
				CODE_SIGN_IDENTITY = "iPhone Developer";
				COPY_PHASE_STRIP = NO;
				DEBUG_INFORMATION_FORMAT = dwarf;
				ENABLE_STRICT_OBJC_MSGSEND = YES;
				ENABLE_TESTABILITY = YES;
				GCC_C_LANGUAGE_STANDARD = gnu11;
				GCC_DYNAMIC_NO_PIC = NO;
				GCC_NO_COMMON_BLOCKS = YES;
				GCC_OPTIMIZATION_LEVEL = 0;
				GCC_PREPROCESSOR_DEFINITIONS = (
					"DEBUG=1",
					"$(inherited)",
				);
				GCC_WARN_64_TO_32_BIT_CONVERSION = YES;
				GCC_WARN_ABOUT_RETURN_TYPE = YES_ERROR;
				GCC_WARN_UNDECLARED_SELECTOR = YES;
				GCC_WARN_UNINITIALIZED_AUTOS = YES_AGGRESSIVE;
				GCC_WARN_UNUSED_FUNCTION = YES;
				GCC_WARN_UNUSED_VARIABLE = YES;
				IPHONEOS_DEPLOYMENT_TARGET = 12.1;
				MTL_ENABLE_DEBUG_INFO = INCLUDE_SOURCE;
				MTL_FAST_MATH = YES;
				ONLY_ACTIVE_ARCH = YES;
				SDKROOT = iphoneos;
				SWIFT_ACTIVE_COMPILATION_CONDITIONS = DEBUG;
				SWIFT_OPTIMIZATION_LEVEL = "-Onone";
			};
			name = Debug;
		};
		075C25AF22308CAA00C96506 /* Release */ = {
			isa = XCBuildConfiguration;
			buildSettings = {
				ALWAYS_SEARCH_USER_PATHS = NO;
				CLANG_ANALYZER_NONNULL = YES;
				CLANG_ANALYZER_NUMBER_OBJECT_CONVERSION = YES_AGGRESSIVE;
				CLANG_CXX_LANGUAGE_STANDARD = "gnu++14";
				CLANG_CXX_LIBRARY = "libc++";
				CLANG_ENABLE_MODULES = YES;
				CLANG_ENABLE_OBJC_ARC = YES;
				CLANG_ENABLE_OBJC_WEAK = YES;
				CLANG_WARN_BLOCK_CAPTURE_AUTORELEASING = YES;
				CLANG_WARN_BOOL_CONVERSION = YES;
				CLANG_WARN_COMMA = YES;
				CLANG_WARN_CONSTANT_CONVERSION = YES;
				CLANG_WARN_DEPRECATED_OBJC_IMPLEMENTATIONS = YES;
				CLANG_WARN_DIRECT_OBJC_ISA_USAGE = YES_ERROR;
				CLANG_WARN_DOCUMENTATION_COMMENTS = YES;
				CLANG_WARN_EMPTY_BODY = YES;
				CLANG_WARN_ENUM_CONVERSION = YES;
				CLANG_WARN_INFINITE_RECURSION = YES;
				CLANG_WARN_INT_CONVERSION = YES;
				CLANG_WARN_NON_LITERAL_NULL_CONVERSION = YES;
				CLANG_WARN_OBJC_IMPLICIT_RETAIN_SELF = YES;
				CLANG_WARN_OBJC_LITERAL_CONVERSION = YES;
				CLANG_WARN_OBJC_ROOT_CLASS = YES_ERROR;
				CLANG_WARN_RANGE_LOOP_ANALYSIS = YES;
				CLANG_WARN_STRICT_PROTOTYPES = YES;
				CLANG_WARN_SUSPICIOUS_MOVE = YES;
				CLANG_WARN_UNGUARDED_AVAILABILITY = YES_AGGRESSIVE;
				CLANG_WARN_UNREACHABLE_CODE = YES;
				CLANG_WARN__DUPLICATE_METHOD_MATCH = YES;
				CODE_SIGN_IDENTITY = "iPhone Developer";
				COPY_PHASE_STRIP = NO;
				DEBUG_INFORMATION_FORMAT = "dwarf-with-dsym";
				ENABLE_NS_ASSERTIONS = NO;
				ENABLE_STRICT_OBJC_MSGSEND = YES;
				GCC_C_LANGUAGE_STANDARD = gnu11;
				GCC_NO_COMMON_BLOCKS = YES;
				GCC_WARN_64_TO_32_BIT_CONVERSION = YES;
				GCC_WARN_ABOUT_RETURN_TYPE = YES_ERROR;
				GCC_WARN_UNDECLARED_SELECTOR = YES;
				GCC_WARN_UNINITIALIZED_AUTOS = YES_AGGRESSIVE;
				GCC_WARN_UNUSED_FUNCTION = YES;
				GCC_WARN_UNUSED_VARIABLE = YES;
				IPHONEOS_DEPLOYMENT_TARGET = 12.1;
				MTL_ENABLE_DEBUG_INFO = NO;
				MTL_FAST_MATH = YES;
				SDKROOT = iphoneos;
				SWIFT_COMPILATION_MODE = wholemodule;
				SWIFT_OPTIMIZATION_LEVEL = "-O";
				VALIDATE_PRODUCT = YES;
			};
			name = Release;
		};
		075C25B122308CAA00C96506 /* Debug */ = {
			isa = XCBuildConfiguration;
			buildSettings = {
				ASSETCATALOG_COMPILER_APPICON_NAME = AppIcon;
				CODE_SIGN_STYLE = Automatic;
				DEVELOPMENT_TEAM = VDKTSK647P;
				INFOPLIST_FILE = Day3SegueAndNavigationVCExample/Info.plist;
				LD_RUNPATH_SEARCH_PATHS = (
					"$(inherited)",
					"@executable_path/Frameworks",
				);
				PRODUCT_BUNDLE_IDENTIFIER = com.moxdroid.Day3SegueAndNavigationVCExample;
				PRODUCT_NAME = "$(TARGET_NAME)";
				SWIFT_VERSION = 4.2;
				TARGETED_DEVICE_FAMILY = "1,2";
			};
			name = Debug;
		};
		075C25B222308CAA00C96506 /* Release */ = {
			isa = XCBuildConfiguration;
			buildSettings = {
				ASSETCATALOG_COMPILER_APPICON_NAME = AppIcon;
				CODE_SIGN_STYLE = Automatic;
				DEVELOPMENT_TEAM = VDKTSK647P;
				INFOPLIST_FILE = Day3SegueAndNavigationVCExample/Info.plist;
				LD_RUNPATH_SEARCH_PATHS = (
					"$(inherited)",
					"@executable_path/Frameworks",
				);
				PRODUCT_BUNDLE_IDENTIFIER = com.moxdroid.Day3SegueAndNavigationVCExample;
				PRODUCT_NAME = "$(TARGET_NAME)";
				SWIFT_VERSION = 4.2;
				TARGETED_DEVICE_FAMILY = "1,2";
			};
			name = Release;
		};
/* End XCBuildConfiguration section */

/* Begin XCConfigurationList section */
		075C259922308CA900C96506 /* Build configuration list for PBXProject "Day3SegueAndNavigationVCExample" */ = {
			isa = XCConfigurationList;
			buildConfigurations = (
				075C25AE22308CAA00C96506 /* Debug */,
				075C25AF22308CAA00C96506 /* Release */,
			);
			defaultConfigurationIsVisible = 0;
			defaultConfigurationName = Release;
		};
		075C25B022308CAA00C96506 /* Build configuration list for PBXNativeTarget "Day3SegueAndNavigationVCExample" */ = {
			isa = XCConfigurationList;
			buildConfigurations = (
				075C25B122308CAA00C96506 /* Debug */,
				075C25B222308CAA00C96506 /* Release */,
			);
			defaultConfigurationIsVisible = 0;
			defaultConfigurationName = Release;
		};
/* End XCConfigurationList section */
	};
	rootObject = 075C259622308CA900C96506 /* Project object */;
}
